{
    "name": "@fe-console/types",
    "version": "0.0.0",
    "lockfileVersion": 1,
    "requires": true,
    "dependencies": {
        "@mpkit/types": {
            "version": "1.0.5",
            "resolved": "https://registry.npmjs.org/@mpkit/types/-/types-1.0.5.tgz",
            "integrity": "sha512-KOuhccGt8BkRMKxts/SdPHTLOYHjMoTv8g+cDydS2n5U/TOL4Mu+uOkwaDKtkx1FlgjBdA+prOZG8K58uh/bSg=="
        }
    }
}
