{
    "name": "@fe-console/core",
    "version": "1.0.0",
    "lockfileVersion": 1,
    "requires": true,
    "dependencies": {
        "@mpkit/mixin": {
            "version": "1.0.16",
            "resolved": "https://registry.npmjs.org/@mpkit/mixin/-/mixin-1.0.16.tgz",
            "integrity": "sha512-ifshabgOv5xerfxj7ZDCrYH7WilQ8vfSqpm57HKn3QU1UHXEdKxKaCB8nYiOxK9zlz5J4qXsgbepvIZpPlc6pA==",
            "requires": {
                "@mpkit/types": "^1.0.16",
                "@mpkit/util": "^1.0.16"
            }
        },
        "@mpkit/types": {
            "version": "1.0.16",
            "resolved": "https://registry.npmjs.org/@mpkit/types/-/types-1.0.16.tgz",
            "integrity": "sha512-CEQhlt0Kb4H43xMyzWCIL6RyRNsxV7iukkSigQV2HLBv4jlFD+ba2YhQxYbXy/2JX2KthjQo1nWDqJzBB/di7Q==",
            "requires": {
                "forgiving-xml-parser": "^1.3.0"
            }
        },
        "@mpkit/util": {
            "version": "1.0.16",
            "resolved": "https://registry.npmjs.org/@mpkit/util/-/util-1.0.16.tgz",
            "integrity": "sha512-eMAxBaGO5bIavlJFly4y3jyXHDvrqECaDtfJMLeBzbYoenV4idf8lKOhCfdXYCxCsiUTGeYZnk0uoZTHfRjUzw==",
            "requires": {
                "@mpkit/types": "^1.0.16"
            }
        },
        "forgiving-xml-parser": {
            "version": "1.3.0",
            "resolved": "https://registry.npmjs.org/forgiving-xml-parser/-/forgiving-xml-parser-1.3.0.tgz",
            "integrity": "sha512-ozuv6mO2il2go1q5u8EZAWndCM37wRwtxnum/5sLAf0tzWL1GuHLz8Kb6IBEj92hwMSjTyOmRu97DXfF5uhRnA=="
        }
    }
}
