{
  "name": "@fe-console/provider",
  "version": "1.0.0",
  "lockfileVersion": 1,
  "requires": true,
  "dependencies": {
    "@mpkit/ebus": {
      "version": "1.0.17",
      "resolved": "https://registry.npmjs.org/@mpkit/ebus/-/ebus-1.0.17.tgz",
      "integrity": "sha512-wmgKm9VNWb4hRlw3kk4u3xr1JLwUq8KjqrmuspePbY7LfJ5VS+t73cgAN84ifjsChEpk4Pd2G3er1CfwGV4/qA==",
      "requires": {
        "@mpkit/types": "^1.0.17",
        "@mpkit/util": "^1.0.17"
      }
    },
    "@mpkit/types": {
      "version": "1.0.17",
      "resolved": "https://registry.npmjs.org/@mpkit/types/-/types-1.0.17.tgz",
      "integrity": "sha512-H+resHtwUCpMDdpE8cwLJlpHGBx9Ho+kjklRuD31Z7/TIiEHtPgmRJUxDfYFZiqQLHwDvet2+EF9d1y1TY4tqw==",
      "requires": {
        "forgiving-xml-parser": "^1.3.0"
      }
    },
    "@mpkit/util": {
      "version": "1.0.17",
      "resolved": "https://registry.npmjs.org/@mpkit/util/-/util-1.0.17.tgz",
      "integrity": "sha512-OADyTeAFoQcRV0Jaz3c4UFMQGKRBwUIoH8w1mrXGD8Gxg87S5HXnoSM3oq9VJayT03wARuKYOyIswEScBpGySg==",
      "requires": {
        "@mpkit/types": "^1.0.17"
      }
    },
    "forgiving-xml-parser": {
      "version": "1.3.0",
      "resolved": "https://registry.npmjs.org/forgiving-xml-parser/-/forgiving-xml-parser-1.3.0.tgz",
      "integrity": "sha512-ozuv6mO2il2go1q5u8EZAWndCM37wRwtxnum/5sLAf0tzWL1GuHLz8Kb6IBEj92hwMSjTyOmRu97DXfF5uhRnA=="
    }
  }
}
