{
  "name": "@fe-console/provider",
  "version": "1.0.0",
  "lockfileVersion": 1,
  "requires": true,
  "dependencies": {
    "@mpkit/ebus": {
      "version": "1.0.16",
      "resolved": "https://registry.npm.taobao.org/@mpkit/ebus/download/@mpkit/ebus-1.0.16.tgz?cache=0&sync_timestamp=1614587476813&other_urls=https%3A%2F%2Fregistry.npm.taobao.org%2F%40mpkit%2Febus%2Fdownload%2F%40mpkit%2Febus-1.0.16.tgz",
      "integrity": "sha1-P5WEFsyf6xwLrLqcnBUevDdDkMA=",
      "requires": {
        "@mpkit/types": "^1.0.16",
        "@mpkit/util": "^1.0.16"
      }
    },
    "@mpkit/types": {
      "version": "1.0.16",
      "resolved": "https://registry.npm.taobao.org/@mpkit/types/download/@mpkit/types-1.0.16.tgz?cache=0&sync_timestamp=1614587471778&other_urls=https%3A%2F%2Fregistry.npm.taobao.org%2F%40mpkit%2Ftypes%2Fdownload%2F%40mpkit%2Ftypes-1.0.16.tgz",
      "integrity": "sha1-FVgGTd3DnWElpjOK5UFsstnYi+4=",
      "requires": {
        "forgiving-xml-parser": "^1.3.0"
      }
    },
    "@mpkit/util": {
      "version": "1.0.16",
      "resolved": "https://registry.npm.taobao.org/@mpkit/util/download/@mpkit/util-1.0.16.tgz?cache=0&sync_timestamp=1614587471819&other_urls=https%3A%2F%2Fregistry.npm.taobao.org%2F%40mpkit%2Futil%2Fdownload%2F%40mpkit%2Futil-1.0.16.tgz",
      "integrity": "sha1-MSmS5AAxjyan5nu342WnnANc6FI=",
      "requires": {
        "@mpkit/types": "^1.0.16"
      }
    },
    "forgiving-xml-parser": {
      "version": "1.3.0",
      "resolved": "https://registry.npm.taobao.org/forgiving-xml-parser/download/forgiving-xml-parser-1.3.0.tgz",
      "integrity": "sha1-w/zTZQAyia8A+QK47Z5MtGmBafw="
    },
    "squirrel-report": {
      "version": "1.0.2",
      "resolved": "https://registry.npmjs.org/squirrel-report/-/squirrel-report-1.0.2.tgz",
      "integrity": "sha512-/0uPJvJHKHJ4kkdlEFW7JgPILFKdHN/MiQbRLK5Lb5Hu3cbffSYpfuLVHbmk0sPaovwLZ9dQqfzKj7u3nzs7nA=="
    }
  }
}
